# This file was autogenerated by Stack.
# You should not edit this file by hand.
# For more information, please see the documentation at:
#   https://docs.haskellstack.org/en/stable/lock_files

packages:
- completed:
    hackage: indents-0.3.3@sha256:558527186be2c5cb6954bd96fe954b513302992f5e2846bdc64c9a41f4306c6e,2002
    pantry-tree:
      size: 213
      sha256: 2fde61a425dd107ab557adf34604f7b4c94c8946bf0e4dc21b5ddfde4479ab33
  original:
    hackage: indents-0.3.3
- completed:
    hackage: concatenative-1.0.1@sha256:1e6abf2bc6dfa7f36f1eff4aa6b648fb6eeab8d4c32402603bfbcdf3833f7281,788
    pantry-tree:
      size: 222
      sha256: ed20ef52bbdaad66dc312c42fc50d1a999945c9360aa36509c55221a6f972f98
  original:
    hackage: concatenative-1.0.1
snapshots:
- completed:
    size: 498186
    url: https://raw.githubusercontent.com/commercialhaskell/stackage-snapshots/master/lts/13/22.yaml
    sha256: d4f07dc3d5658260c2fe34266ad7618f6c84d34decf559c9c786ac1cfccf4e7b
  original: lts-13.22
